
Microsoft Visual Studio Solution File, Format Version 12.00
# Visual Studio 2012
Project("{FAE04EC0-301F-11D3-BF4B-00C04F79EFBC}") = "Harness", "Harness\Harness.csproj", "{2C505C31-64BC-4F89-8F26-47EC39585BB3}"
EndProject
Project("{FAE04EC0-301F-11D3-BF4B-00C04F79EFBC}") = "Harness_UnitTest", "Harness_UnitTest\Harness_UnitTest.csproj", "{60B8C2D3-2119-41CD-914A-EA28B4A56419}"
EndProject
Global
	GlobalSection(SolutionConfigurationPlatforms) = preSolution
		Debug|Any CPU = Debug|Any CPU
		Release|Any CPU = Release|Any CPU
	EndGlobalSection
	GlobalSection(ProjectConfigurationPlatforms) = postSolution
		{2C505C31-64BC-4F89-8F26-47EC39585BB3}.Debug|Any CPU.ActiveCfg = Debug|Any CPU
		{2C505C31-64BC-4F89-8F26-47EC39585BB3}.Debug|Any CPU.Build.0 = Debug|Any CPU
		{2C505C31-64BC-4F89-8F26-47EC39585BB3}.Release|Any CPU.ActiveCfg = Release|Any CPU
		{2C505C31-64BC-4F89-8F26-47EC39585BB3}.Release|Any CPU.Build.0 = Release|Any CPU
		{60B8C2D3-2119-41CD-914A-EA28B4A56419}.Debug|Any CPU.ActiveCfg = Debug|Any CPU
		{60B8C2D3-2119-41CD-914A-EA28B4A56419}.Debug|Any CPU.Build.0 = Debug|Any CPU
		{60B8C2D3-2119-41CD-914A-EA28B4A56419}.Release|Any CPU.ActiveCfg = Release|Any CPU
		{60B8C2D3-2119-41CD-914A-EA28B4A56419}.Release|Any CPU.Build.0 = Release|Any CPU
	EndGlobalSection
	GlobalSection(SolutionProperties) = preSolution
		HideSolutionNode = FALSE
	EndGlobalSection
EndGlobal
